// !$*UTF8*$!
{
	archiveVersion = 1;
	classes = {
	};
	objectVersion = 51;
	objects = {

/* Begin PBXBuildFile section */
		5312D09A26CD862700B5EBA0 /* AppDelegate.swift in Sources */ = {isa = PBXBuildFile; fileRef = 5312D09926CD862700B5EBA0 /* AppDelegate.swift */; };
		5312D09C26CD862700B5EBA0 /* SceneDelegate.swift in Sources */ = {isa = PBXBuildFile; fileRef = 5312D09B26CD862700B5EBA0 /* SceneDelegate.swift */; };
		5312D0A326CD862700B5EBA0 /* Assets.xcassets in Resources */ = {isa = PBXBuildFile; fileRef = 5312D0A226CD862700B5EBA0 /* Assets.xcassets */; };
		5312D0A626CD862700B5EBA0 /* LaunchScreen.storyboard in Resources */ = {isa = PBXBuildFile; fileRef = 5312D0A426CD862700B5EBA0 /* LaunchScreen.storyboard */; };
		5312D0B326CD884D00B5EBA0 /* Coordinator.swift in Sources */ = {isa = PBXBuildFile; fileRef = 5312D0B226CD884D00B5EBA0 /* Coordinator.swift */; };
		5312D0B526CD886300B5EBA0 /* BaseCoordinator.swift in Sources */ = {isa = PBXBuildFile; fileRef = 5312D0B426CD886300B5EBA0 /* BaseCoordinator.swift */; };
		5312D0B726CD887700B5EBA0 /* AppCoordinator.swift in Sources */ = {isa = PBXBuildFile; fileRef = 5312D0B626CD887700B5EBA0 /* AppCoordinator.swift */; };
		5312D0B926CD889E00B5EBA0 /* LoginCoordinator.swift in Sources */ = {isa = PBXBuildFile; fileRef = 5312D0B826CD889E00B5EBA0 /* LoginCoordinator.swift */; };
		5312D0BC26CD88C700B5EBA0 /* LoginViewController.swift in Sources */ = {isa = PBXBuildFile; fileRef = 5312D0BA26CD88C700B5EBA0 /* LoginViewController.swift */; };
		5312D0BD26CD88C700B5EBA0 /* LoginViewController.xib in Resources */ = {isa = PBXBuildFile; fileRef = 5312D0BB26CD88C700B5EBA0 /* LoginViewController.xib */; };
		5312D0C026CD88F100B5EBA0 /* Router.swift in Sources */ = {isa = PBXBuildFile; fileRef = 5312D0BF26CD88F100B5EBA0 /* Router.swift */; };
		5312D0C226CD890800B5EBA0 /* RouterProtocol.swift in Sources */ = {isa = PBXBuildFile; fileRef = 5312D0C126CD890800B5EBA0 /* RouterProtocol.swift */; };
		5312D0C426CD891B00B5EBA0 /* Drawable.swift in Sources */ = {isa = PBXBuildFile; fileRef = 5312D0C326CD891B00B5EBA0 /* Drawable.swift */; };
		5312D0C626CD8B7300B5EBA0 /* Main.storyboard in Resources */ = {isa = PBXBuildFile; fileRef = 5312D0C526CD8B7300B5EBA0 /* Main.storyboard */; };
		5312D0C826CDA4A900B5EBA0 /* User.swift in Sources */ = {isa = PBXBuildFile; fileRef = 5312D0C726CDA4A900B5EBA0 /* User.swift */; };
		5312D0CB26CDA59D00B5EBA0 /* ApiTarget.swift in Sources */ = {isa = PBXBuildFile; fileRef = 5312D0CA26CDA59D00B5EBA0 /* ApiTarget.swift */; };
		5312D0CE26CDA5CA00B5EBA0 /* AppConstants.swift in Sources */ = {isa = PBXBuildFile; fileRef = 5312D0CD26CDA5CA00B5EBA0 /* AppConstants.swift */; };
		5312D0D026CDA6DA00B5EBA0 /* ApiService.swift in Sources */ = {isa = PBXBuildFile; fileRef = 5312D0CF26CDA6DA00B5EBA0 /* ApiService.swift */; };
		5312D0D326CDA72100B5EBA0 /* SharedEngine.swift in Sources */ = {isa = PBXBuildFile; fileRef = 5312D0D226CDA72100B5EBA0 /* SharedEngine.swift */; };
		5312D0D526CE3BFE00B5EBA0 /* LoginViewModel.swift in Sources */ = {isa = PBXBuildFile; fileRef = 5312D0D426CE3BFE00B5EBA0 /* LoginViewModel.swift */; };
		5312D0D726CE3CA400B5EBA0 /* Utils.swift in Sources */ = {isa = PBXBuildFile; fileRef = 5312D0D626CE3CA400B5EBA0 /* Utils.swift */; };
		5312D0DC26CE3E4C00B5EBA0 /* MenuViewController.swift in Sources */ = {isa = PBXBuildFile; fileRef = 5312D0DA26CE3E4C00B5EBA0 /* MenuViewController.swift */; };
		5312D0DD26CE3E4C00B5EBA0 /* MenuViewController.xib in Resources */ = {isa = PBXBuildFile; fileRef = 5312D0DB26CE3E4C00B5EBA0 /* MenuViewController.xib */; };
		5312D0E026CE3EA900B5EBA0 /* MenuViewModel.swift in Sources */ = {isa = PBXBuildFile; fileRef = 5312D0DF26CE3EA900B5EBA0 /* MenuViewModel.swift */; };
		5312D0E226CE408F00B5EBA0 /* MenuCoordinator.swift in Sources */ = {isa = PBXBuildFile; fileRef = 5312D0E126CE408F00B5EBA0 /* MenuCoordinator.swift */; };
		5312D0E626CE458400B5EBA0 /* ChangePasswordViewController.swift in Sources */ = {isa = PBXBuildFile; fileRef = 5312D0E426CE458400B5EBA0 /* ChangePasswordViewController.swift */; };
		5312D0E726CE458400B5EBA0 /* ChangePasswordViewController.xib in Resources */ = {isa = PBXBuildFile; fileRef = 5312D0E526CE458400B5EBA0 /* ChangePasswordViewController.xib */; };
		5312D0EB26CE471500B5EBA0 /* ChangePasswordViewModel.swift in Sources */ = {isa = PBXBuildFile; fileRef = 5312D0EA26CE471500B5EBA0 /* ChangePasswordViewModel.swift */; };
		5312D0ED26CE472100B5EBA0 /* ChangePasswordCoordinator.swift in Sources */ = {isa = PBXBuildFile; fileRef = 5312D0EC26CE472100B5EBA0 /* ChangePasswordCoordinator.swift */; };
		5312D0F026CE47F700B5EBA0 /* ServerResponse.swift in Sources */ = {isa = PBXBuildFile; fileRef = 5312D0EF26CE47F700B5EBA0 /* ServerResponse.swift */; };
		550F5218C9842DA1234A8F97 /* Pods_Student_Registration_System.framework in Frameworks */ = {isa = PBXBuildFile; fileRef = E32502ECA1C2A41C274ACCAF /* Pods_Student_Registration_System.framework */; };
/* End PBXBuildFile section */

/* Begin PBXFileReference section */
		5312D09626CD862700B5EBA0 /* Student Registration System.app */ = {isa = PBXFileReference; explicitFileType = wrapper.application; includeInIndex = 0; path = "Student Registration System.app"; sourceTree = BUILT_PRODUCTS_DIR; };
		5312D09926CD862700B5EBA0 /* AppDelegate.swift */ = {isa = PBXFileReference; lastKnownFileType = sourcecode.swift; path = AppDelegate.swift; sourceTree = "<group>"; };
		5312D09B26CD862700B5EBA0 /* SceneDelegate.swift */ = {isa = PBXFileReference; lastKnownFileType = sourcecode.swift; path = SceneDelegate.swift; sourceTree = "<group>"; };
		5312D0A226CD862700B5EBA0 /* Assets.xcassets */ = {isa = PBXFileReference; lastKnownFileType = folder.assetcatalog; path = Assets.xcassets; sourceTree = "<group>"; };
		5312D0A526CD862700B5EBA0 /* Base */ = {isa = PBXFileReference; lastKnownFileType = file.storyboard; name = Base; path = Base.lproj/LaunchScreen.storyboard; sourceTree = "<group>"; };
		5312D0A726CD862700B5EBA0 /* Info.plist */ = {isa = PBXFileReference; lastKnownFileType = text.plist.xml; path = Info.plist; sourceTree = "<group>"; };
		5312D0B226CD884D00B5EBA0 /* Coordinator.swift */ = {isa = PBXFileReference; lastKnownFileType = sourcecode.swift; path = Coordinator.swift; sourceTree = "<group>"; };
		5312D0B426CD886300B5EBA0 /* BaseCoordinator.swift */ = {isa = PBXFileReference; lastKnownFileType = sourcecode.swift; path = BaseCoordinator.swift; sourceTree = "<group>"; };
		5312D0B626CD887700B5EBA0 /* AppCoordinator.swift */ = {isa = PBXFileReference; lastKnownFileType = sourcecode.swift; path = AppCoordinator.swift; sourceTree = "<group>"; };
		5312D0B826CD889E00B5EBA0 /* LoginCoordinator.swift */ = {isa = PBXFileReference; lastKnownFileType = sourcecode.swift; path = LoginCoordinator.swift; sourceTree = "<group>"; };
		5312D0BA26CD88C700B5EBA0 /* LoginViewController.swift */ = {isa = PBXFileReference; lastKnownFileType = sourcecode.swift; path = LoginViewController.swift; sourceTree = "<group>"; };
		5312D0BB26CD88C700B5EBA0 /* LoginViewController.xib */ = {isa = PBXFileReference; lastKnownFileType = file.xib; path = LoginViewController.xib; sourceTree = "<group>"; };
		5312D0BF26CD88F100B5EBA0 /* Router.swift */ = {isa = PBXFileReference; lastKnownFileType = sourcecode.swift; path = Router.swift; sourceTree = "<group>"; };
		5312D0C126CD890800B5EBA0 /* RouterProtocol.swift */ = {isa = PBXFileReference; lastKnownFileType = sourcecode.swift; path = RouterProtocol.swift; sourceTree = "<group>"; };
		5312D0C326CD891B00B5EBA0 /* Drawable.swift */ = {isa = PBXFileReference; lastKnownFileType = sourcecode.swift; path = Drawable.swift; sourceTree = "<group>"; };
		5312D0C526CD8B7300B5EBA0 /* Main.storyboard */ = {isa = PBXFileReference; fileEncoding = 4; lastKnownFileType = file.storyboard; path = Main.storyboard; sourceTree = "<group>"; };
		5312D0C726CDA4A900B5EBA0 /* User.swift */ = {isa = PBXFileReference; lastKnownFileType = sourcecode.swift; path = User.swift; sourceTree = "<group>"; };
		5312D0CA26CDA59D00B5EBA0 /* ApiTarget.swift */ = {isa = PBXFileReference; lastKnownFileType = sourcecode.swift; path = ApiTarget.swift; sourceTree = "<group>"; };
		5312D0CD26CDA5CA00B5EBA0 /* AppConstants.swift */ = {isa = PBXFileReference; lastKnownFileType = sourcecode.swift; path = AppConstants.swift; sourceTree = "<group>"; };
		5312D0CF26CDA6DA00B5EBA0 /* ApiService.swift */ = {isa = PBXFileReference; lastKnownFileType = sourcecode.swift; path = ApiService.swift; sourceTree = "<group>"; };
		5312D0D226CDA72100B5EBA0 /* SharedEngine.swift */ = {isa = PBXFileReference; lastKnownFileType = sourcecode.swift; path = SharedEngine.swift; sourceTree = "<group>"; };
		5312D0D426CE3BFE00B5EBA0 /* LoginViewModel.swift */ = {isa = PBXFileReference; lastKnownFileType = sourcecode.swift; path = LoginViewModel.swift; sourceTree = "<group>"; };
		5312D0D626CE3CA400B5EBA0 /* Utils.swift */ = {isa = PBXFileReference; lastKnownFileType = sourcecode.swift; path = Utils.swift; sourceTree = "<group>"; };
		5312D0DA26CE3E4C00B5EBA0 /* MenuViewController.swift */ = {isa = PBXFileReference; lastKnownFileType = sourcecode.swift; path = MenuViewController.swift; sourceTree = "<group>"; };
		5312D0DB26CE3E4C00B5EBA0 /* MenuViewController.xib */ = {isa = PBXFileReference; lastKnownFileType = file.xib; path = MenuViewController.xib; sourceTree = "<group>"; };
		5312D0DF26CE3EA900B5EBA0 /* MenuViewModel.swift */ = {isa = PBXFileReference; lastKnownFileType = sourcecode.swift; path = MenuViewModel.swift; sourceTree = "<group>"; };
		5312D0E126CE408F00B5EBA0 /* MenuCoordinator.swift */ = {isa = PBXFileReference; lastKnownFileType = sourcecode.swift; path = MenuCoordinator.swift; sourceTree = "<group>"; };
		5312D0E426CE458400B5EBA0 /* ChangePasswordViewController.swift */ = {isa = PBXFileReference; lastKnownFileType = sourcecode.swift; path = ChangePasswordViewController.swift; sourceTree = "<group>"; };
		5312D0E526CE458400B5EBA0 /* ChangePasswordViewController.xib */ = {isa = PBXFileReference; lastKnownFileType = file.xib; path = ChangePasswordViewController.xib; sourceTree = "<group>"; };
		5312D0EA26CE471500B5EBA0 /* ChangePasswordViewModel.swift */ = {isa = PBXFileReference; lastKnownFileType = sourcecode.swift; path = ChangePasswordViewModel.swift; sourceTree = "<group>"; };
		5312D0EC26CE472100B5EBA0 /* ChangePasswordCoordinator.swift */ = {isa = PBXFileReference; lastKnownFileType = sourcecode.swift; path = ChangePasswordCoordinator.swift; sourceTree = "<group>"; };
		5312D0EF26CE47F700B5EBA0 /* ServerResponse.swift */ = {isa = PBXFileReference; lastKnownFileType = sourcecode.swift; path = ServerResponse.swift; sourceTree = "<group>"; };
		66F3A5017113A793108CEDCC /* Pods-Student Registration System.release.xcconfig */ = {isa = PBXFileReference; includeInIndex = 1; lastKnownFileType = text.xcconfig; name = "Pods-Student Registration System.release.xcconfig"; path = "Target Support Files/Pods-Student Registration System/Pods-Student Registration System.release.xcconfig"; sourceTree = "<group>"; };
		E32502ECA1C2A41C274ACCAF /* Pods_Student_Registration_System.framework */ = {isa = PBXFileReference; explicitFileType = wrapper.framework; includeInIndex = 0; path = Pods_Student_Registration_System.framework; sourceTree = BUILT_PRODUCTS_DIR; };
		F8CC563277CCE143CFDDA21F /* Pods-Student Registration System.debug.xcconfig */ = {isa = PBXFileReference; includeInIndex = 1; lastKnownFileType = text.xcconfig; name = "Pods-Student Registration System.debug.xcconfig"; path = "Target Support Files/Pods-Student Registration System/Pods-Student Registration System.debug.xcconfig"; sourceTree = "<group>"; };
/* End PBXFileReference section */

/* Begin PBXFrameworksBuildPhase section */
		5312D09326CD862700B5EBA0 /* Frameworks */ = {
			isa = PBXFrameworksBuildPhase;
			buildActionMask = 2147483647;
			files = (
				550F5218C9842DA1234A8F97 /* Pods_Student_Registration_System.framework in Frameworks */,
			);
			runOnlyForDeploymentPostprocessing = 0;
		};
/* End PBXFrameworksBuildPhase section */

/* Begin PBXGroup section */
		5312D08D26CD862700B5EBA0 = {
			isa = PBXGroup;
			children = (
				5312D09826CD862700B5EBA0 /* Student Registration System */,
				5312D09726CD862700B5EBA0 /* Products */,
				EBA6826CD7426D5A40713222 /* Pods */,
				95B9D43846E8D43B21E52F97 /* Frameworks */,
			);
			sourceTree = "<group>";
		};
		5312D09726CD862700B5EBA0 /* Products */ = {
			isa = PBXGroup;
			children = (
				5312D09626CD862700B5EBA0 /* Student Registration System.app */,
			);
			name = Products;
			sourceTree = "<group>";
		};
		5312D09826CD862700B5EBA0 /* Student Registration System */ = {
			isa = PBXGroup;
			children = (
				5312D0E326CE457100B5EBA0 /* Change Password */,
				5312D0D826CE3E3B00B5EBA0 /* Menu */,
				5312D0AD26CD87B300B5EBA0 /* Login */,
				5312D0B126CD883900B5EBA0 /* Coordinator */,
				5312D0D126CDA71600B5EBA0 /* Utilities */,
				5312D0CC26CDA5B600B5EBA0 /* App Constants */,
				5312D0C926CDA58500B5EBA0 /* Api Services */,
				5312D09926CD862700B5EBA0 /* AppDelegate.swift */,
				5312D09B26CD862700B5EBA0 /* SceneDelegate.swift */,
				5312D0A226CD862700B5EBA0 /* Assets.xcassets */,
				5312D0C526CD8B7300B5EBA0 /* Main.storyboard */,
				5312D0A426CD862700B5EBA0 /* LaunchScreen.storyboard */,
				5312D0A726CD862700B5EBA0 /* Info.plist */,
			);
			path = "Student Registration System";
			sourceTree = "<group>";
		};
		5312D0AD26CD87B300B5EBA0 /* Login */ = {
			isa = PBXGroup;
			children = (
				5312D0B026CD87C700B5EBA0 /* View Model */,
				5312D0AF26CD87C000B5EBA0 /* Model */,
				5312D0AE26CD87BB00B5EBA0 /* View */,
				5312D0B826CD889E00B5EBA0 /* LoginCoordinator.swift */,
			);
			path = Login;
			sourceTree = "<group>";
		};
		5312D0AE26CD87BB00B5EBA0 /* View */ = {
			isa = PBXGroup;
			children = (
				5312D0BA26CD88C700B5EBA0 /* LoginViewController.swift */,
				5312D0BB26CD88C700B5EBA0 /* LoginViewController.xib */,
			);
			path = View;
			sourceTree = "<group>";
		};
		5312D0AF26CD87C000B5EBA0 /* Model */ = {
			isa = PBXGroup;
			children = (
				5312D0C726CDA4A900B5EBA0 /* User.swift */,
			);
			path = Model;
			sourceTree = "<group>";
		};
		5312D0B026CD87C700B5EBA0 /* View Model */ = {
			isa = PBXGroup;
			children = (
				5312D0D426CE3BFE00B5EBA0 /* LoginViewModel.swift */,
			);
			path = "View Model";
			sourceTree = "<group>";
		};
		5312D0B126CD883900B5EBA0 /* Coordinator */ = {
			isa = PBXGroup;
			children = (
				5312D0BE26CD88E700B5EBA0 /* Router */,
				5312D0B226CD884D00B5EBA0 /* Coordinator.swift */,
				5312D0B426CD886300B5EBA0 /* BaseCoordinator.swift */,
				5312D0B626CD887700B5EBA0 /* AppCoordinator.swift */,
			);
			path = Coordinator;
			sourceTree = "<group>";
		};
		5312D0BE26CD88E700B5EBA0 /* Router */ = {
			isa = PBXGroup;
			children = (
				5312D0BF26CD88F100B5EBA0 /* Router.swift */,
				5312D0C126CD890800B5EBA0 /* RouterProtocol.swift */,
				5312D0C326CD891B00B5EBA0 /* Drawable.swift */,
			);
			path = Router;
			sourceTree = "<group>";
		};
		5312D0C926CDA58500B5EBA0 /* Api Services */ = {
			isa = PBXGroup;
			children = (
				5312D0CA26CDA59D00B5EBA0 /* ApiTarget.swift */,
				5312D0CF26CDA6DA00B5EBA0 /* ApiService.swift */,
			);
			path = "Api Services";
			sourceTree = "<group>";
		};
		5312D0CC26CDA5B600B5EBA0 /* App Constants */ = {
			isa = PBXGroup;
			children = (
				5312D0CD26CDA5CA00B5EBA0 /* AppConstants.swift */,
			);
			path = "App Constants";
			sourceTree = "<group>";
		};
		5312D0D126CDA71600B5EBA0 /* Utilities */ = {
			isa = PBXGroup;
			children = (
				5312D0D226CDA72100B5EBA0 /* SharedEngine.swift */,
				5312D0D626CE3CA400B5EBA0 /* Utils.swift */,
			);
			path = Utilities;
			sourceTree = "<group>";
		};
		5312D0D826CE3E3B00B5EBA0 /* Menu */ = {
			isa = PBXGroup;
			children = (
				5312D0DE26CE3E9A00B5EBA0 /* View Model */,
				5312D0D926CE3E4000B5EBA0 /* View */,
				5312D0E126CE408F00B5EBA0 /* MenuCoordinator.swift */,
			);
			path = Menu;
			sourceTree = "<group>";
		};
		5312D0D926CE3E4000B5EBA0 /* View */ = {
			isa = PBXGroup;
			children = (
				5312D0DA26CE3E4C00B5EBA0 /* MenuViewController.swift */,
				5312D0DB26CE3E4C00B5EBA0 /* MenuViewController.xib */,
			);
			path = View;
			sourceTree = "<group>";
		};
		5312D0DE26CE3E9A00B5EBA0 /* View Model */ = {
			isa = PBXGroup;
			children = (
				5312D0DF26CE3EA900B5EBA0 /* MenuViewModel.swift */,
			);
			path = "View Model";
			sourceTree = "<group>";
		};
		5312D0E326CE457100B5EBA0 /* Change Password */ = {
			isa = PBXGroup;
			children = (
				5312D0EE26CE47EA00B5EBA0 /* Model */,
				5312D0E926CE46FF00B5EBA0 /* View Model */,
				5312D0E826CE458700B5EBA0 /* View */,
				5312D0EC26CE472100B5EBA0 /* ChangePasswordCoordinator.swift */,
			);
			path = "Change Password";
			sourceTree = "<group>";
		};
		5312D0E826CE458700B5EBA0 /* View */ = {
			isa = PBXGroup;
			children = (
				5312D0E426CE458400B5EBA0 /* ChangePasswordViewController.swift */,
				5312D0E526CE458400B5EBA0 /* ChangePasswordViewController.xib */,
			);
			path = View;
			sourceTree = "<group>";
		};
		5312D0E926CE46FF00B5EBA0 /* View Model */ = {
			isa = PBXGroup;
			children = (
				5312D0EA26CE471500B5EBA0 /* ChangePasswordViewModel.swift */,
			);
			path = "View Model";
			sourceTree = "<group>";
		};
		5312D0EE26CE47EA00B5EBA0 /* Model */ = {
			isa = PBXGroup;
			children = (
				5312D0EF26CE47F700B5EBA0 /* ServerResponse.swift */,
			);
			path = Model;
			sourceTree = "<group>";
		};
		95B9D43846E8D43B21E52F97 /* Frameworks */ = {
			isa = PBXGroup;
			children = (
				E32502ECA1C2A41C274ACCAF /* Pods_Student_Registration_System.framework */,
			);
			name = Frameworks;
			sourceTree = "<group>";
		};
		EBA6826CD7426D5A40713222 /* Pods */ = {
			isa = PBXGroup;
			children = (
				F8CC563277CCE143CFDDA21F /* Pods-Student Registration System.debug.xcconfig */,
				66F3A5017113A793108CEDCC /* Pods-Student Registration System.release.xcconfig */,
			);
			path = Pods;
			sourceTree = "<group>";
		};
/* End PBXGroup section */

/* Begin PBXNativeTarget section */
		5312D09526CD862700B5EBA0 /* Student Registration System */ = {
			isa = PBXNativeTarget;
			buildConfigurationList = 5312D0AA26CD862700B5EBA0 /* Build configuration list for PBXNativeTarget "Student Registration System" */;
			buildPhases = (
				7C8DB1D08CDDB1DD0C6B0E3C /* [CP] Check Pods Manifest.lock */,
				5312D09226CD862700B5EBA0 /* Sources */,
				5312D09326CD862700B5EBA0 /* Frameworks */,
				5312D09426CD862700B5EBA0 /* Resources */,
				69C0B2C4799DE6C04874E6FE /* [CP] Embed Pods Frameworks */,
			);
			buildRules = (
			);
			dependencies = (
			);
			name = "Student Registration System";
			productName = "Student Registration System";
			productReference = 5312D09626CD862700B5EBA0 /* Student Registration System.app */;
			productType = "com.apple.product-type.application";
		};
/* End PBXNativeTarget section */

/* Begin PBXProject section */
		5312D08E26CD862700B5EBA0 /* Project object */ = {
			isa = PBXProject;
			attributes = {
				LastSwiftUpdateCheck = 1250;
				LastUpgradeCheck = 1250;
				TargetAttributes = {
					5312D09526CD862700B5EBA0 = {
						CreatedOnToolsVersion = 12.5.1;
					};
				};
			};
			buildConfigurationList = 5312D09126CD862700B5EBA0 /* Build configuration list for PBXProject "Student Registration System" */;
			compatibilityVersion = "Xcode 9.3";
			developmentRegion = en;
			hasScannedForEncodings = 0;
			knownRegions = (
				en,
				Base,
			);
			mainGroup = 5312D08D26CD862700B5EBA0;
			productRefGroup = 5312D09726CD862700B5EBA0 /* Products */;
			projectDirPath = "";
			projectRoot = "";
			targets = (
				5312D09526CD862700B5EBA0 /* Student Registration System */,
			);
		};
/* End PBXProject section */

/* Begin PBXResourcesBuildPhase section */
		5312D09426CD862700B5EBA0 /* Resources */ = {
			isa = PBXResourcesBuildPhase;
			buildActionMask = 2147483647;
			files = (
				5312D0A626CD862700B5EBA0 /* LaunchScreen.storyboard in Resources */,
				5312D0A326CD862700B5EBA0 /* Assets.xcassets in Resources */,
				5312D0DD26CE3E4C00B5EBA0 /* MenuViewController.xib in Resources */,
				5312D0BD26CD88C700B5EBA0 /* LoginViewController.xib in Resources */,
				5312D0E726CE458400B5EBA0 /* ChangePasswordViewController.xib in Resources */,
				5312D0C626CD8B7300B5EBA0 /* Main.storyboard in Resources */,
			);
			runOnlyForDeploymentPostprocessing = 0;
		};
/* End PBXResourcesBuildPhase section */

/* Begin PBXShellScriptBuildPhase section */
		69C0B2C4799DE6C04874E6FE /* [CP] Embed Pods Frameworks */ = {
			isa = PBXShellScriptBuildPhase;
			buildActionMask = 2147483647;
			files = (
			);
			inputFileListPaths = (
				"${PODS_ROOT}/Target Support Files/Pods-Student Registration System/Pods-Student Registration System-frameworks-${CONFIGURATION}-input-files.xcfilelist",
			);
			name = "[CP] Embed Pods Frameworks";
			outputFileListPaths = (
				"${PODS_ROOT}/Target Support Files/Pods-Student Registration System/Pods-Student Registration System-frameworks-${CONFIGURATION}-output-files.xcfilelist",
			);
			runOnlyForDeploymentPostprocessing = 0;
			shellPath = /bin/sh;
			shellScript = "\"${PODS_ROOT}/Target Support Files/Pods-Student Registration System/Pods-Student Registration System-frameworks.sh\"\n";
			showEnvVarsInLog = 0;
		};
		7C8DB1D08CDDB1DD0C6B0E3C /* [CP] Check Pods Manifest.lock */ = {
			isa = PBXShellScriptBuildPhase;
			buildActionMask = 2147483647;
			files = (
			);
			inputFileListPaths = (
			);
			inputPaths = (
				"${PODS_PODFILE_DIR_PATH}/Podfile.lock",
				"${PODS_ROOT}/Manifest.lock",
			);
			name = "[CP] Check Pods Manifest.lock";
			outputFileListPaths = (
			);
			outputPaths = (
				"$(DERIVED_FILE_DIR)/Pods-Student Registration System-checkManifestLockResult.txt",
			);
			runOnlyForDeploymentPostprocessing = 0;
			shellPath = /bin/sh;
			shellScript = "diff \"${PODS_PODFILE_DIR_PATH}/Podfile.lock\" \"${PODS_ROOT}/Manifest.lock\" > /dev/null\nif [ $? != 0 ] ; then\n    # print error to STDERR\n    echo \"error: The sandbox is not in sync with the Podfile.lock. Run 'pod install' or update your CocoaPods installation.\" >&2\n    exit 1\nfi\n# This output is used by Xcode 'outputs' to avoid re-running this script phase.\necho \"SUCCESS\" > \"${SCRIPT_OUTPUT_FILE_0}\"\n";
			showEnvVarsInLog = 0;
		};
/* End PBXShellScriptBuildPhase section */

/* Begin PBXSourcesBuildPhase section */
		5312D09226CD862700B5EBA0 /* Sources */ = {
			isa = PBXSourcesBuildPhase;
			buildActionMask = 2147483647;
			files = (
				5312D0D326CDA72100B5EBA0 /* SharedEngine.swift in Sources */,
				5312D0C226CD890800B5EBA0 /* RouterProtocol.swift in Sources */,
				5312D0C026CD88F100B5EBA0 /* Router.swift in Sources */,
				5312D0E026CE3EA900B5EBA0 /* MenuViewModel.swift in Sources */,
				5312D0BC26CD88C700B5EBA0 /* LoginViewController.swift in Sources */,
				5312D0D526CE3BFE00B5EBA0 /* LoginViewModel.swift in Sources */,
				5312D0E626CE458400B5EBA0 /* ChangePasswordViewController.swift in Sources */,
				5312D0B926CD889E00B5EBA0 /* LoginCoordinator.swift in Sources */,
				5312D09A26CD862700B5EBA0 /* AppDelegate.swift in Sources */,
				5312D0EB26CE471500B5EBA0 /* ChangePasswordViewModel.swift in Sources */,
				5312D09C26CD862700B5EBA0 /* SceneDelegate.swift in Sources */,
				5312D0B726CD887700B5EBA0 /* AppCoordinator.swift in Sources */,
				5312D0D726CE3CA400B5EBA0 /* Utils.swift in Sources */,
				5312D0F026CE47F700B5EBA0 /* ServerResponse.swift in Sources */,
				5312D0B326CD884D00B5EBA0 /* Coordinator.swift in Sources */,
				5312D0B526CD886300B5EBA0 /* BaseCoordinator.swift in Sources */,
				5312D0C426CD891B00B5EBA0 /* Drawable.swift in Sources */,
				5312D0DC26CE3E4C00B5EBA0 /* MenuViewController.swift in Sources */,
				5312D0CE26CDA5CA00B5EBA0 /* AppConstants.swift in Sources */,
				5312D0C826CDA4A900B5EBA0 /* User.swift in Sources */,
				5312D0ED26CE472100B5EBA0 /* ChangePasswordCoordinator.swift in Sources */,
				5312D0E226CE408F00B5EBA0 /* MenuCoordinator.swift in Sources */,
				5312D0D026CDA6DA00B5EBA0 /* ApiService.swift in Sources */,
				5312D0CB26CDA59D00B5EBA0 /* ApiTarget.swift in Sources */,
			);
			runOnlyForDeploymentPostprocessing = 0;
		};
/* End PBXSourcesBuildPhase section */

/* Begin PBXVariantGroup section */
		5312D0A426CD862700B5EBA0 /* LaunchScreen.storyboard */ = {
			isa = PBXVariantGroup;
			children = (
				5312D0A526CD862700B5EBA0 /* Base */,
			);
			name = LaunchScreen.storyboard;
			sourceTree = "<group>";
		};
/* End PBXVariantGroup section */

/* Begin XCBuildConfiguration section */
		5312D0A826CD862700B5EBA0 /* Debug */ = {
			isa = XCBuildConfiguration;
			buildSettings = {
				ALWAYS_SEARCH_USER_PATHS = NO;
				CLANG_ANALYZER_NONNULL = YES;
				CLANG_ANALYZER_NUMBER_OBJECT_CONVERSION = YES_AGGRESSIVE;
				CLANG_CXX_LANGUAGE_STANDARD = "gnu++14";
				CLANG_CXX_LIBRARY = "libc++";
				CLANG_ENABLE_MODULES = YES;
				CLANG_ENABLE_OBJC_ARC = YES;
				CLANG_ENABLE_OBJC_WEAK = YES;
				CLANG_WARN_BLOCK_CAPTURE_AUTORELEASING = YES;
				CLANG_WARN_BOOL_CONVERSION = YES;
				CLANG_WARN_COMMA = YES;
				CLANG_WARN_CONSTANT_CONVERSION = YES;
				CLANG_WARN_DEPRECATED_OBJC_IMPLEMENTATIONS = YES;
				CLANG_WARN_DIRECT_OBJC_ISA_USAGE = YES_ERROR;
				CLANG_WARN_DOCUMENTATION_COMMENTS = YES;
				CLANG_WARN_EMPTY_BODY = YES;
				CLANG_WARN_ENUM_CONVERSION = YES;
				CLANG_WARN_INFINITE_RECURSION = YES;
				CLANG_WARN_INT_CONVERSION = YES;
				CLANG_WARN_NON_LITERAL_NULL_CONVERSION = YES;
				CLANG_WARN_OBJC_IMPLICIT_RETAIN_SELF = YES;
				CLANG_WARN_OBJC_LITERAL_CONVERSION = YES;
				CLANG_WARN_OBJC_ROOT_CLASS = YES_ERROR;
				CLANG_WARN_QUOTED_INCLUDE_IN_FRAMEWORK_HEADER = YES;
				CLANG_WARN_RANGE_LOOP_ANALYSIS = YES;
				CLANG_WARN_STRICT_PROTOTYPES = YES;
				CLANG_WARN_SUSPICIOUS_MOVE = YES;
				CLANG_WARN_UNGUARDED_AVAILABILITY = YES_AGGRESSIVE;
				CLANG_WARN_UNREACHABLE_CODE = YES;
				CLANG_WARN__DUPLICATE_METHOD_MATCH = YES;
				COPY_PHASE_STRIP = NO;
				DEBUG_INFORMATION_FORMAT = dwarf;
				ENABLE_STRICT_OBJC_MSGSEND = YES;
				ENABLE_TESTABILITY = YES;
				GCC_C_LANGUAGE_STANDARD = gnu11;
				GCC_DYNAMIC_NO_PIC = NO;
				GCC_NO_COMMON_BLOCKS = YES;
				GCC_OPTIMIZATION_LEVEL = 0;
				GCC_PREPROCESSOR_DEFINITIONS = (
					"DEBUG=1",
					"$(inherited)",
				);
				GCC_WARN_64_TO_32_BIT_CONVERSION = YES;
				GCC_WARN_ABOUT_RETURN_TYPE = YES_ERROR;
				GCC_WARN_UNDECLARED_SELECTOR = YES;
				GCC_WARN_UNINITIALIZED_AUTOS = YES_AGGRESSIVE;
				GCC_WARN_UNUSED_FUNCTION = YES;
				GCC_WARN_UNUSED_VARIABLE = YES;
				IPHONEOS_DEPLOYMENT_TARGET = 14.5;
				MTL_ENABLE_DEBUG_INFO = INCLUDE_SOURCE;
				MTL_FAST_MATH = YES;
				ONLY_ACTIVE_ARCH = YES;
				SDKROOT = iphoneos;
				SWIFT_ACTIVE_COMPILATION_CONDITIONS = DEBUG;
				SWIFT_OPTIMIZATION_LEVEL = "-Onone";
			};
			name = Debug;
		};
		5312D0A926CD862700B5EBA0 /* Release */ = {
			isa = XCBuildConfiguration;
			buildSettings = {
				ALWAYS_SEARCH_USER_PATHS = NO;
				CLANG_ANALYZER_NONNULL = YES;
				CLANG_ANALYZER_NUMBER_OBJECT_CONVERSION = YES_AGGRESSIVE;
				CLANG_CXX_LANGUAGE_STANDARD = "gnu++14";
				CLANG_CXX_LIBRARY = "libc++";
				CLANG_ENABLE_MODULES = YES;
				CLANG_ENABLE_OBJC_ARC = YES;
				CLANG_ENABLE_OBJC_WEAK = YES;
				CLANG_WARN_BLOCK_CAPTURE_AUTORELEASING = YES;
				CLANG_WARN_BOOL_CONVERSION = YES;
				CLANG_WARN_COMMA = YES;
				CLANG_WARN_CONSTANT_CONVERSION = YES;
				CLANG_WARN_DEPRECATED_OBJC_IMPLEMENTATIONS = YES;
				CLANG_WARN_DIRECT_OBJC_ISA_USAGE = YES_ERROR;
				CLANG_WARN_DOCUMENTATION_COMMENTS = YES;
				CLANG_WARN_EMPTY_BODY = YES;
				CLANG_WARN_ENUM_CONVERSION = YES;
				CLANG_WARN_INFINITE_RECURSION = YES;
				CLANG_WARN_INT_CONVERSION = YES;
				CLANG_WARN_NON_LITERAL_NULL_CONVERSION = YES;
				CLANG_WARN_OBJC_IMPLICIT_RETAIN_SELF = YES;
				CLANG_WARN_OBJC_LITERAL_CONVERSION = YES;
				CLANG_WARN_OBJC_ROOT_CLASS = YES_ERROR;
				CLANG_WARN_QUOTED_INCLUDE_IN_FRAMEWORK_HEADER = YES;
				CLANG_WARN_RANGE_LOOP_ANALYSIS = YES;
				CLANG_WARN_STRICT_PROTOTYPES = YES;
				CLANG_WARN_SUSPICIOUS_MOVE = YES;
				CLANG_WARN_UNGUARDED_AVAILABILITY = YES_AGGRESSIVE;
				CLANG_WARN_UNREACHABLE_CODE = YES;
				CLANG_WARN__DUPLICATE_METHOD_MATCH = YES;
				COPY_PHASE_STRIP = NO;
				DEBUG_INFORMATION_FORMAT = "dwarf-with-dsym";
				ENABLE_NS_ASSERTIONS = NO;
				ENABLE_STRICT_OBJC_MSGSEND = YES;
				GCC_C_LANGUAGE_STANDARD = gnu11;
				GCC_NO_COMMON_BLOCKS = YES;
				GCC_WARN_64_TO_32_BIT_CONVERSION = YES;
				GCC_WARN_ABOUT_RETURN_TYPE = YES_ERROR;
				GCC_WARN_UNDECLARED_SELECTOR = YES;
				GCC_WARN_UNINITIALIZED_AUTOS = YES_AGGRESSIVE;
				GCC_WARN_UNUSED_FUNCTION = YES;
				GCC_WARN_UNUSED_VARIABLE = YES;
				IPHONEOS_DEPLOYMENT_TARGET = 14.5;
				MTL_ENABLE_DEBUG_INFO = NO;
				MTL_FAST_MATH = YES;
				SDKROOT = iphoneos;
				SWIFT_COMPILATION_MODE = wholemodule;
				SWIFT_OPTIMIZATION_LEVEL = "-O";
				VALIDATE_PRODUCT = YES;
			};
			name = Release;
		};
		5312D0AB26CD862700B5EBA0 /* Debug */ = {
			isa = XCBuildConfiguration;
			baseConfigurationReference = F8CC563277CCE143CFDDA21F /* Pods-Student Registration System.debug.xcconfig */;
			buildSettings = {
				ASSETCATALOG_COMPILER_APPICON_NAME = AppIcon;
				ASSETCATALOG_COMPILER_GLOBAL_ACCENT_COLOR_NAME = AccentColor;
				CODE_SIGN_STYLE = Automatic;
				DEVELOPMENT_TEAM = AZJ2V63LFW;
				INFOPLIST_FILE = "Student Registration System/Info.plist";
				IPHONEOS_DEPLOYMENT_TARGET = 13.0;
				LD_RUNPATH_SEARCH_PATHS = (
					"$(inherited)",
					"@executable_path/Frameworks",
				);
				PRODUCT_BUNDLE_IDENTIFIER = "com.shohanrahman.Student-Registration-System";
				PRODUCT_NAME = "$(TARGET_NAME)";
				SWIFT_VERSION = 5.0;
				TARGETED_DEVICE_FAMILY = "1,2";
			};
			name = Debug;
		};
		5312D0AC26CD862700B5EBA0 /* Release */ = {
			isa = XCBuildConfiguration;
			baseConfigurationReference = 66F3A5017113A793108CEDCC /* Pods-Student Registration System.release.xcconfig */;
			buildSettings = {
				ASSETCATALOG_COMPILER_APPICON_NAME = AppIcon;
				ASSETCATALOG_COMPILER_GLOBAL_ACCENT_COLOR_NAME = AccentColor;
				CODE_SIGN_STYLE = Automatic;
				DEVELOPMENT_TEAM = AZJ2V63LFW;
				INFOPLIST_FILE = "Student Registration System/Info.plist";
				IPHONEOS_DEPLOYMENT_TARGET = 13.0;
				LD_RUNPATH_SEARCH_PATHS = (
					"$(inherited)",
					"@executable_path/Frameworks",
				);
				PRODUCT_BUNDLE_IDENTIFIER = "com.shohanrahman.Student-Registration-System";
				PRODUCT_NAME = "$(TARGET_NAME)";
				SWIFT_VERSION = 5.0;
				TARGETED_DEVICE_FAMILY = "1,2";
			};
			name = Release;
		};
/* End XCBuildConfiguration section */

/* Begin XCConfigurationList section */
		5312D09126CD862700B5EBA0 /* Build configuration list for PBXProject "Student Registration System" */ = {
			isa = XCConfigurationList;
			buildConfigurations = (
				5312D0A826CD862700B5EBA0 /* Debug */,
				5312D0A926CD862700B5EBA0 /* Release */,
			);
			defaultConfigurationIsVisible = 0;
			defaultConfigurationName = Release;
		};
		5312D0AA26CD862700B5EBA0 /* Build configuration list for PBXNativeTarget "Student Registration System" */ = {
			isa = XCConfigurationList;
			buildConfigurations = (
				5312D0AB26CD862700B5EBA0 /* Debug */,
				5312D0AC26CD862700B5EBA0 /* Release */,
			);
			defaultConfigurationIsVisible = 0;
			defaultConfigurationName = Release;
		};
/* End XCConfigurationList section */
	};
	rootObject = 5312D08E26CD862700B5EBA0 /* Project object */;
}
